
Microsoft Visual Studio Solution File, Format Version 12.00
# Visual Studio 15
VisualStudioVersion = 15.0.28307.1267
MinimumVisualStudioVersion = 10.0.40219.1
Project("{8BC9CEB8-8B4A-11D0-8D11-00A0C91BC942}") = "2020_11_7", "2020_11_7\2020_11_7.vcxproj", "{CEF304B2-E581-4FEA-9A83-4B503756C224}"
EndProject
Global
	GlobalSection(SolutionConfigurationPlatforms) = preSolution
		Debug|x64 = Debug|x64
		Debug|x86 = Debug|x86
		Release|x64 = Release|x64
		Release|x86 = Release|x86
	EndGlobalSection
	GlobalSection(ProjectConfigurationPlatforms) = postSolution
		{CEF304B2-E581-4FEA-9A83-4B503756C224}.Debug|x64.ActiveCfg = Debug|x64
		{CEF304B2-E581-4FEA-9A83-4B503756C224}.Debug|x64.Build.0 = Debug|x64
		{CEF304B2-E581-4FEA-9A83-4B503756C224}.Debug|x86.ActiveCfg = Debug|Win32
		{CEF304B2-E581-4FEA-9A83-4B503756C224}.Debug|x86.Build.0 = Debug|Win32
		{CEF304B2-E581-4FEA-9A83-4B503756C224}.Release|x64.ActiveCfg = Release|x64
		{CEF304B2-E581-4FEA-9A83-4B503756C224}.Release|x64.Build.0 = Release|x64
		{CEF304B2-E581-4FEA-9A83-4B503756C224}.Release|x86.ActiveCfg = Release|Win32
		{CEF304B2-E581-4FEA-9A83-4B503756C224}.Release|x86.Build.0 = Release|Win32
	EndGlobalSection
	GlobalSection(SolutionProperties) = preSolution
		HideSolutionNode = FALSE
	EndGlobalSection
	GlobalSection(ExtensibilityGlobals) = postSolution
		SolutionGuid = {9D3BFD52-08D2-4FA7-A197-6EAC732B11CD}
	EndGlobalSection
EndGlobal
